// !$*UTF8*$!
{
	archiveVersion = 1;
	classes = {
	};
	objectVersion = 77;
	objects = {

/* Begin PBXContainerItemProxy section */
		7CAC7EE0301A9F2D00F98728 /* PBXContainerItemProxy */ = {
			isa = PBXContainerItemProxy;
			containerPortal = 7CAC7EC9301A9F2A00F98728 /* Project object */;
			proxyType = 1;
			remoteGlobalIDString = 7CAC7ED0301A9F2A00F98728;
			remoteInfo = "Bonsai Hub";
		};
		7CAC7EEA301A9F2D00F98728 /* PBXContainerItemProxy */ = {
			isa = PBXContainerItemProxy;
			containerPortal = 7CAC7EC9301A9F2A00F98728 /* Project object */;
			proxyType = 1;
			remoteGlobalIDString = 7CAC7ED0301A9F2A00F98728;
			remoteInfo = "Bonsai Hub";
		};
/* End PBXContainerItemProxy section */

/* Begin PBXFileReference section */
		7CAC7ED1301A9F2A00F98728 /* Bonsai Hub.app */ = {isa = PBXFileReference; explicitFileType = wrapper.application; includeInIndex = 0; path = "Bonsai Hub.app"; sourceTree = BUILT_PRODUCTS_DIR; };
		7CAC7EDF301A9F2D00F98728 /* Bonsai HubTests.xctest */ = {isa = PBXFileReference; explicitFileType = wrapper.cfbundle; includeInIndex = 0; path = "Bonsai HubTests.xctest"; sourceTree = BUILT_PRODUCTS_DIR; };
		7CAC7EE9301A9F2D00F98728 /* Bonsai HubUITests.xctest */ = {isa = PBXFileReference; explicitFileType = wrapper.cfbundle; includeInIndex = 0; path = "Bonsai HubUITests.xctest"; sourceTree = BUILT_PRODUCTS_DIR; };
/* End PBXFileReference section */

/* Begin PBXFileSystemSynchronizedRootGroup section */
		7CAC7ED3301A9F2A00F98728 /* Bonsai Hub */ = {
			isa = PBXFileSystemSynchronizedRootGroup;
			path = "Bonsai Hub";
			sourceTree = "<group>";
		};
		7CAC7EE2301A9F2D00F98728 /* Bonsai HubTests */ = {
			isa = PBXFileSystemSynchronizedRootGroup;
			path = "Bonsai HubTests";
			sourceTree = "<group>";
		};
		7CAC7EEC301A9F2D00F98728 /* Bonsai HubUITests */ = {
			isa = PBXFileSystemSynchronizedRootGroup;
			path = "Bonsai HubUITests";
			sourceTree = "<group>";
		};
/* End PBXFileSystemSynchronizedRootGroup section */

/* Begin PBXFrameworksBuildPhase section */
		7CAC7ECE301A9F2A00F98728 /* Frameworks */ = {
			isa = PBXFrameworksBuildPhase;
			buildActionMask = 2147483647;
			files = (
			);
			runOnlyForDeploymentPostprocessing = 0;
		};
		7CAC7EDC301A9F2D00F98728 /* Frameworks */ = {
			isa = PBXFrameworksBuildPhase;
			buildActionMask = 2147483647;
			files = (
			);
			runOnlyForDeploymentPostprocessing = 0;
		};
		7CAC7EE6301A9F2D00F98728 /* Frameworks */ = {
			isa = PBXFrameworksBuildPhase;
			buildActionMask = 2147483647;
			files = (
			);
			runOnlyForDeploymentPostprocessing = 0;
		};
/* End PBXFrameworksBuildPhase section */

/* Begin PBXGroup section */
		7CAC7EC8301A9F2A00F98728 = {
			isa = PBXGroup;
			children = (
				7CAC7ED3301A9F2A00F98728 /* Bonsai Hub */,
				7CAC7EE2301A9F2D00F98728 /* Bonsai HubTests */,
				7CAC7EEC301A9F2D00F98728 /* Bonsai HubUITests */,
				7CAC7ED2301A9F2A00F98728 /* Products */,
			);
			sourceTree = "<group>";
		};
		7CAC7ED2301A9F2A00F98728 /* Products */ = {
			isa = PBXGroup;
			children = (
				7CAC7ED1301A9F2A00F98728 /* Bonsai Hub.app */,
				7CAC7EDF301A9F2D00F98728 /* Bonsai HubTests.xctest */,
				7CAC7EE9301A9F2D00F98728 /* Bonsai HubUITests.xctest */,
			);
			name = Products;
			sourceTree = "<group>";
		};
/* End PBXGroup section */

/* Begin PBXNativeTarget section */
		7CAC7ED0301A9F2A00F98728 /* Bonsai Hub */ = {
			isa = PBXNativeTarget;
			buildConfigurationList = 7CAC7EF3301A9F2D00F98728 /* Build configuration list for PBXNativeTarget "Bonsai Hub" */;
			buildPhases = (
				7CAC7ECD301A9F2A00F98728 /* Sources */,
				7CAC7ECE301A9F2A00F98728 /* Frameworks */,
				7CAC7ECF301A9F2A00F98728 /* Resources */,
			);
			buildRules = (
			);
			dependencies = (
			);
			fileSystemSynchronizedGroups = (
				7CAC7ED3301A9F2A00F98728 /* Bonsai Hub */,
			);
			name = "Bonsai Hub";
			packageProductDependencies = (
			);
			productName = "Bonsai Hub";
			productReference = 7CAC7ED1301A9F2A00F98728 /* Bonsai Hub.app */;
			productType = "com.apple.product-type.application";
		};
		7CAC7EDE301A9F2D00F98728 /* Bonsai HubTests */ = {
			isa = PBXNativeTarget;
			buildConfigurationList = 7CAC7EF6301A9F2D00F98728 /* Build configuration list for PBXNativeTarget "Bonsai HubTests" */;
			buildPhases = (
				7CAC7EDB301A9F2D00F98728 /* Sources */,
				7CAC7EDC301A9F2D00F98728 /* Frameworks */,
				7CAC7EDD301A9F2D00F98728 /* Resources */,
			);
			buildRules = (
			);
			dependencies = (
				7CAC7EE1301A9F2D00F98728 /* PBXTargetDependency */,
			);
			fileSystemSynchronizedGroups = (
				7CAC7EE2301A9F2D00F98728 /* Bonsai HubTests */,
			);
			name = "Bonsai HubTests";
			packageProductDependencies = (
			);
			productName = "Bonsai HubTests";
			productReference = 7CAC7EDF301A9F2D00F98728 /* Bonsai HubTests.xctest */;
			productType = "com.apple.product-type.bundle.unit-test";
		};
		7CAC7EE8301A9F2D00F98728 /* Bonsai HubUITests */ = {
			isa = PBXNativeTarget;
			buildConfigurationList = 7CAC7EF9301A9F2D00F98728 /* Build configuration list for PBXNativeTarget "Bonsai HubUITests" */;
			buildPhases = (
				7CAC7EE5301A9F2D00F98728 /* Sources */,
				7CAC7EE6301A9F2D00F98728 /* Frameworks */,
				7CAC7EE7301A9F2D00F98728 /* Resources */,
			);
			buildRules = (
			);
			dependencies = (
				7CAC7EEB301A9F2D00F98728 /* PBXTargetDependency */,
			);
			fileSystemSynchronizedGroups = (
				7CAC7EEC301A9F2D00F98728 /* Bonsai HubUITests */,
			);
			name = "Bonsai HubUITests";
			packageProductDependencies = (
			);
			productName = "Bonsai HubUITests";
			productReference = 7CAC7EE9301A9F2D00F98728 /* Bonsai HubUITests.xctest */;
			productType = "com.apple.product-type.bundle.ui-testing";
		};
/* End PBXNativeTarget section */

/* Begin PBXProject section */
		7CAC7EC9301A9F2A00F98728 /* Project object */ = {
			isa = PBXProject;
			attributes = {
				BuildIndependentTargetsInParallel = 1;
				LastSwiftUpdateCheck = 1640;
				LastUpgradeCheck = 1640;
				TargetAttributes = {
					7CAC7ED0301A9F2A00F98728 = {
						CreatedOnToolsVersion = 16.4;
					};
					7CAC7EDE301A9F2D00F98728 = {
						CreatedOnToolsVersion = 16.4;
						TestTargetID = 7CAC7ED0301A9F2A00F98728;
					};
					7CAC7EE8301A9F2D00F98728 = {
						CreatedOnToolsVersion = 16.4;
						TestTargetID = 7CAC7ED0301A9F2A00F98728;
					};
				};
			};
			buildConfigurationList = 7CAC7ECC301A9F2A00F98728 /* Build configuration list for PBXProject "Bonsai Hub" */;
			developmentRegion = en;
			hasScannedForEncodings = 0;
			knownRegions = (
				en,
				Base,
			);
			mainGroup = 7CAC7EC8301A9F2A00F98728;
			minimizedProjectReferenceProxies = 1;
			preferredProjectObjectVersion = 77;
			productRefGroup = 7CAC7ED2301A9F2A00F98728 /* Products */;
			projectDirPath = "";
			projectRoot = "";
			targets = (
				7CAC7ED0301A9F2A00F98728 /* Bonsai Hub */,
				7CAC7EDE301A9F2D00F98728 /* Bonsai HubTests */,
				7CAC7EE8301A9F2D00F98728 /* Bonsai HubUITests */,
			);
		};
/* End PBXProject section */

/* Begin PBXResourcesBuildPhase section */
		7CAC7ECF301A9F2A00F98728 /* Resources */ = {
			isa = PBXResourcesBuildPhase;
			buildActionMask = 2147483647;
			files = (
			);
			runOnlyForDeploymentPostprocessing = 0;
		};
		7CAC7EDD301A9F2D00F98728 /* Resources */ = {
			isa = PBXResourcesBuildPhase;
			buildActionMask = 2147483647;
			files = (
			);
			runOnlyForDeploymentPostprocessing = 0;
		};
		7CAC7EE7301A9F2D00F98728 /* Resources */ = {
			isa = PBXResourcesBuildPhase;
			buildActionMask = 2147483647;
			files = (
			);
			runOnlyForDeploymentPostprocessing = 0;
		};
/* End PBXResourcesBuildPhase section */

/* Begin PBXSourcesBuildPhase section */
		7CAC7ECD301A9F2A00F98728 /* Sources */ = {
			isa = PBXSourcesBuildPhase;
			buildActionMask = 2147483647;
			files = (
			);
			runOnlyForDeploymentPostprocessing = 0;
		};
		7CAC7EDB301A9F2D00F98728 /* Sources */ = {
			isa = PBXSourcesBuildPhase;
			buildActionMask = 2147483647;
			files = (
			);
			runOnlyForDeploymentPostprocessing = 0;
		};
		7CAC7EE5301A9F2D00F98728 /* Sources */ = {
			isa = PBXSourcesBuildPhase;
			buildActionMask = 2147483647;
			files = (
			);
			runOnlyForDeploymentPostprocessing = 0;
		};
/* End PBXSourcesBuildPhase section */

/* Begin PBXTargetDependency section */
		7CAC7EE1301A9F2D00F98728 /* PBXTargetDependency */ = {
			isa = PBXTargetDependency;
			target = 7CAC7ED0301A9F2A00F98728 /* Bonsai Hub */;
			targetProxy = 7CAC7EE0301A9F2D00F98728 /* PBXContainerItemProxy */;
		};
		7CAC7EEB301A9F2D00F98728 /* PBXTargetDependency */ = {
			isa = PBXTargetDependency;
			target = 7CAC7ED0301A9F2A00F98728 /* Bonsai Hub */;
			targetProxy = 7CAC7EEA301A9F2D00F98728 /* PBXContainerItemProxy */;
		};
/* End PBXTargetDependency section */

/* Begin XCBuildConfiguration section */
		7CAC7EF1301A9F2D00F98728 /* Debug */ = {
			isa = XCBuildConfiguration;
			buildSettings = {
				ALWAYS_SEARCH_USER_PATHS = NO;
				ASSETCATALOG_COMPILER_GENERATE_SWIFT_ASSET_SYMBOL_EXTENSIONS = YES;
				CLANG_ANALYZER_NONNULL = YES;
				CLANG_ANALYZER_NUMBER_OBJECT_CONVERSION = YES_AGGRESSIVE;
				CLANG_CXX_LANGUAGE_STANDARD = "gnu++20";
				CLANG_ENABLE_MODULES = YES;
				CLANG_ENABLE_OBJC_ARC = YES;
				CLANG_ENABLE_OBJC_WEAK = YES;
				CLANG_WARN_BLOCK_CAPTURE_AUTORELEASING = YES;
				CLANG_WARN_BOOL_CONVERSION = YES;
				CLANG_WARN_COMMA = YES;
				CLANG_WARN_CONSTANT_CONVERSION = YES;
				CLANG_WARN_DEPRECATED_OBJC_IMPLEMENTATIONS = YES;
				CLANG_WARN_DIRECT_OBJC_ISA_USAGE = YES_ERROR;
				CLANG_WARN_DOCUMENTATION_COMMENTS = YES;
				CLANG_WARN_EMPTY_BODY = YES;
				CLANG_WARN_ENUM_CONVERSION = YES;
				CLANG_WARN_INFINITE_RECURSION = YES;
				CLANG_WARN_INT_CONVERSION = YES;
				CLANG_WARN_NON_LITERAL_NULL_CONVERSION = YES;
				CLANG_WARN_OBJC_IMPLICIT_RETAIN_SELF = YES;
				CLANG_WARN_OBJC_LITERAL_CONVERSION = YES;
				CLANG_WARN_OBJC_ROOT_CLASS = YES_ERROR;
				CLANG_WARN_QUOTED_INCLUDE_IN_FRAMEWORK_HEADER = YES;
				CLANG_WARN_RANGE_LOOP_ANALYSIS = YES;
				CLANG_WARN_STRICT_PROTOTYPES = YES;
				CLANG_WARN_SUSPICIOUS_MOVE = YES;
				CLANG_WARN_UNGUARDED_AVAILABILITY = YES_AGGRESSIVE;
				CLANG_WARN_UNREACHABLE_CODE = YES;
				CLANG_WARN__DUPLICATE_METHOD_MATCH = YES;
				COPY_PHASE_STRIP = NO;
				DEBUG_INFORMATION_FORMAT = dwarf;
				ENABLE_STRICT_OBJC_MSGSEND = YES;
				ENABLE_TESTABILITY = YES;
				ENABLE_USER_SCRIPT_SANDBOXING = YES;
				GCC_C_LANGUAGE_STANDARD = gnu17;
				GCC_DYNAMIC_NO_PIC = NO;
				GCC_NO_COMMON_BLOCKS = YES;
				GCC_OPTIMIZATION_LEVEL = 0;
				GCC_PREPROCESSOR_DEFINITIONS = (
					"DEBUG=1",
					"$(inherited)",
				);
				GCC_WARN_64_TO_32_BIT_CONVERSION = YES;
				GCC_WARN_ABOUT_RETURN_TYPE = YES_ERROR;
				GCC_WARN_UNDECLARED_SELECTOR = YES;
				GCC_WARN_UNINITIALIZED_AUTOS = YES_AGGRESSIVE;
				GCC_WARN_UNUSED_FUNCTION = YES;
				GCC_WARN_UNUSED_VARIABLE = YES;
				LOCALIZATION_PREFERS_STRING_CATALOGS = YES;
				MACOSX_DEPLOYMENT_TARGET = 15.5;
				MTL_ENABLE_DEBUG_INFO = INCLUDE_SOURCE;
				MTL_FAST_MATH = YES;
				ONLY_ACTIVE_ARCH = YES;
				SDKROOT = macosx;
				SWIFT_ACTIVE_COMPILATION_CONDITIONS = "DEBUG $(inherited)";
				SWIFT_OPTIMIZATION_LEVEL = "-Onone";
			};
			name = Debug;
		};
		7CAC7EF2301A9F2D00F98728 /* Release */ = {
			isa = XCBuildConfiguration;
			buildSettings = {
				ALWAYS_SEARCH_USER_PATHS = NO;
				ASSETCATALOG_COMPILER_GENERATE_SWIFT_ASSET_SYMBOL_EXTENSIONS = YES;
				CLANG_ANALYZER_NONNULL = YES;
				CLANG_ANALYZER_NUMBER_OBJECT_CONVERSION = YES_AGGRESSIVE;
				CLANG_CXX_LANGUAGE_STANDARD = "gnu++20";
				CLANG_ENABLE_MODULES = YES;
				CLANG_ENABLE_OBJC_ARC = YES;
				CLANG_ENABLE_OBJC_WEAK = YES;
				CLANG_WARN_BLOCK_CAPTURE_AUTORELEASING = YES;
				CLANG_WARN_BOOL_CONVERSION = YES;
				CLANG_WARN_COMMA = YES;
				CLANG_WARN_CONSTANT_CONVERSION = YES;
				CLANG_WARN_DEPRECATED_OBJC_IMPLEMENTATIONS = YES;
				CLANG_WARN_DIRECT_OBJC_ISA_USAGE = YES_ERROR;
				CLANG_WARN_DOCUMENTATION_COMMENTS = YES;
				CLANG_WARN_EMPTY_BODY = YES;
				CLANG_WARN_ENUM_CONVERSION = YES;
				CLANG_WARN_INFINITE_RECURSION = YES;
				CLANG_WARN_INT_CONVERSION = YES;
				CLANG_WARN_NON_LITERAL_NULL_CONVERSION = YES;
				CLANG_WARN_OBJC_IMPLICIT_RETAIN_SELF = YES;
				CLANG_WARN_OBJC_LITERAL_CONVERSION = YES;
				CLANG_WARN_OBJC_ROOT_CLASS = YES_ERROR;
				CLANG_WARN_QUOTED_INCLUDE_IN_FRAMEWORK_HEADER = YES;
				CLANG_WARN_RANGE_LOOP_ANALYSIS = YES;
				CLANG_WARN_STRICT_PROTOTYPES = YES;
				CLANG_WARN_SUSPICIOUS_MOVE = YES;
				CLANG_WARN_UNGUARDED_AVAILABILITY = YES_AGGRESSIVE;
				CLANG_WARN_UNREACHABLE_CODE = YES;
				CLANG_WARN__DUPLICATE_METHOD_MATCH = YES;
				COPY_PHASE_STRIP = NO;
				DEBUG_INFORMATION_FORMAT = "dwarf-with-dsym";
				ENABLE_NS_ASSERTIONS = NO;
				ENABLE_STRICT_OBJC_MSGSEND = YES;
				ENABLE_USER_SCRIPT_SANDBOXING = YES;
				GCC_C_LANGUAGE_STANDARD = gnu17;
				GCC_NO_COMMON_BLOCKS = YES;
				GCC_WARN_64_TO_32_BIT_CONVERSION = YES;
				GCC_WARN_ABOUT_RETURN_TYPE = YES_ERROR;
				GCC_WARN_UNDECLARED_SELECTOR = YES;
				GCC_WARN_UNINITIALIZED_AUTOS = YES_AGGRESSIVE;
				GCC_WARN_UNUSED_FUNCTION = YES;
				GCC_WARN_UNUSED_VARIABLE = YES;
				LOCALIZATION_PREFERS_STRING_CATALOGS = YES;
				MACOSX_DEPLOYMENT_TARGET = 15.5;
				MTL_ENABLE_DEBUG_INFO = NO;
				MTL_FAST_MATH = YES;
				SDKROOT = macosx;
				SWIFT_COMPILATION_MODE = wholemodule;
			};
			name = Release;
		};
		7CAC7EF4301A9F2D00F98728 /* Debug */ = {
			isa = XCBuildConfiguration;
			buildSettings = {
				ASSETCATALOG_COMPILER_APPICON_NAME = AppIcon;
				ASSETCATALOG_COMPILER_GLOBAL_ACCENT_COLOR_NAME = AccentColor;
				CODE_SIGN_ENTITLEMENTS = "Bonsai Hub/Bonsai_Hub.entitlements";
				CODE_SIGN_STYLE = Automatic;
				COMBINE_HIDPI_IMAGES = YES;
				CURRENT_PROJECT_VERSION = 1;
				ENABLE_PREVIEWS = YES;
				GENERATE_INFOPLIST_FILE = YES;
				INFOPLIST_KEY_NSHumanReadableCopyright = "";
				LD_RUNPATH_SEARCH_PATHS = (
					"$(inherited)",
					"@executable_path/../Frameworks",
				);
				MARKETING_VERSION = 1.0;
				PRODUCT_BUNDLE_IDENTIFIER = "no.olafbarmen.Bonsai-Hub";
				PRODUCT_NAME = "$(TARGET_NAME)";
				REGISTER_APP_GROUPS = YES;
				SWIFT_EMIT_LOC_STRINGS = YES;
				SWIFT_VERSION = 5.0;
			};
			name = Debug;
		};
		7CAC7EF5301A9F2D00F98728 /* Release */ = {
			isa = XCBuildConfiguration;
			buildSettings = {
				ASSETCATALOG_COMPILER_APPICON_NAME = AppIcon;
				ASSETCATALOG_COMPILER_GLOBAL_ACCENT_COLOR_NAME = AccentColor;
				CODE_SIGN_ENTITLEMENTS = "Bonsai Hub/Bonsai_Hub.entitlements";
				CODE_SIGN_STYLE = Automatic;
				COMBINE_HIDPI_IMAGES = YES;
				CURRENT_PROJECT_VERSION = 1;
				ENABLE_PREVIEWS = YES;
				GENERATE_INFOPLIST_FILE = YES;
				INFOPLIST_KEY_NSHumanReadableCopyright = "";
				LD_RUNPATH_SEARCH_PATHS = (
					"$(inherited)",
					"@executable_path/../Frameworks",
				);
				MARKETING_VERSION = 1.0;
				PRODUCT_BUNDLE_IDENTIFIER = "no.olafbarmen.Bonsai-Hub";
				PRODUCT_NAME = "$(TARGET_NAME)";
				REGISTER_APP_GROUPS = YES;
				SWIFT_EMIT_LOC_STRINGS = YES;
				SWIFT_VERSION = 5.0;
			};
			name = Release;
		};
		7CAC7EF7301A9F2D00F98728 /* Debug */ = {
			isa = XCBuildConfiguration;
			buildSettings = {
				BUNDLE_LOADER = "$(TEST_HOST)";
				CODE_SIGN_STYLE = Automatic;
				CURRENT_PROJECT_VERSION = 1;
				GENERATE_INFOPLIST_FILE = YES;
				MACOSX_DEPLOYMENT_TARGET = 15.5;
				MARKETING_VERSION = 1.0;
				PRODUCT_BUNDLE_IDENTIFIER = "no.olafbarmen.Bonsai-HubTests";
				PRODUCT_NAME = "$(TARGET_NAME)";
				SWIFT_EMIT_LOC_STRINGS = NO;
				SWIFT_VERSION = 5.0;
				TEST_HOST = "$(BUILT_PRODUCTS_DIR)/Bonsai Hub.app/$(BUNDLE_EXECUTABLE_FOLDER_PATH)/Bonsai Hub";
			};
			name = Debug;
		};
		7CAC7EF8301A9F2D00F98728 /* Release */ = {
			isa = XCBuildConfiguration;
			buildSettings = {
				BUNDLE_LOADER = "$(TEST_HOST)";
				CODE_SIGN_STYLE = Automatic;
				CURRENT_PROJECT_VERSION = 1;
				GENERATE_INFOPLIST_FILE = YES;
				MACOSX_DEPLOYMENT_TARGET = 15.5;
				MARKETING_VERSION = 1.0;
				PRODUCT_BUNDLE_IDENTIFIER = "no.olafbarmen.Bonsai-HubTests";
				PRODUCT_NAME = "$(TARGET_NAME)";
				SWIFT_EMIT_LOC_STRINGS = NO;
				SWIFT_VERSION = 5.0;
				TEST_HOST = "$(BUILT_PRODUCTS_DIR)/Bonsai Hub.app/$(BUNDLE_EXECUTABLE_FOLDER_PATH)/Bonsai Hub";
			};
			name = Release;
		};
		7CAC7EFA301A9F2D00F98728 /* Debug */ = {
			isa = XCBuildConfiguration;
			buildSettings = {
				CODE_SIGN_STYLE = Automatic;
				CURRENT_PROJECT_VERSION = 1;
				GENERATE_INFOPLIST_FILE = YES;
				MARKETING_VERSION = 1.0;
				PRODUCT_BUNDLE_IDENTIFIER = "no.olafbarmen.Bonsai-HubUITests";
				PRODUCT_NAME = "$(TARGET_NAME)";
				SWIFT_EMIT_LOC_STRINGS = NO;
				SWIFT_VERSION = 5.0;
				TEST_TARGET_NAME = "Bonsai Hub";
			};
			name = Debug;
		};
		7CAC7EFB301A9F2D00F98728 /* Release */ = {
			isa = XCBuildConfiguration;
			buildSettings = {
				CODE_SIGN_STYLE = Automatic;
				CURRENT_PROJECT_VERSION = 1;
				GENERATE_INFOPLIST_FILE = YES;
				MARKETING_VERSION = 1.0;
				PRODUCT_BUNDLE_IDENTIFIER = "no.olafbarmen.Bonsai-HubUITests";
				PRODUCT_NAME = "$(TARGET_NAME)";
				SWIFT_EMIT_LOC_STRINGS = NO;
				SWIFT_VERSION = 5.0;
				TEST_TARGET_NAME = "Bonsai Hub";
			};
			name = Release;
		};
/* End XCBuildConfiguration section */

/* Begin XCConfigurationList section */
		7CAC7ECC301A9F2A00F98728 /* Build configuration list for PBXProject "Bonsai Hub" */ = {
			isa = XCConfigurationList;
			buildConfigurations = (
				7CAC7EF1301A9F2D00F98728 /* Debug */,
				7CAC7EF2301A9F2D00F98728 /* Release */,
			);
			defaultConfigurationIsVisible = 0;
			defaultConfigurationName = Release;
		};
		7CAC7EF3301A9F2D00F98728 /* Build configuration list for PBXNativeTarget "Bonsai Hub" */ = {
			isa = XCConfigurationList;
			buildConfigurations = (
				7CAC7EF4301A9F2D00F98728 /* Debug */,
				7CAC7EF5301A9F2D00F98728 /* Release */,
			);
			defaultConfigurationIsVisible = 0;
			defaultConfigurationName = Release;
		};
		7CAC7EF6301A9F2D00F98728 /* Build configuration list for PBXNativeTarget "Bonsai HubTests" */ = {
			isa = XCConfigurationList;
			buildConfigurations = (
				7CAC7EF7301A9F2D00F98728 /* Debug */,
				7CAC7EF8301A9F2D00F98728 /* Release */,
			);
			defaultConfigurationIsVisible = 0;
			defaultConfigurationName = Release;
		};
		7CAC7EF9301A9F2D00F98728 /* Build configuration list for PBXNativeTarget "Bonsai HubUITests" */ = {
			isa = XCConfigurationList;
			buildConfigurations = (
				7CAC7EFA301A9F2D00F98728 /* Debug */,
				7CAC7EFB301A9F2D00F98728 /* Release */,
			);
			defaultConfigurationIsVisible = 0;
			defaultConfigurationName = Release;
		};
/* End XCConfigurationList section */
	};
	rootObject = 7CAC7EC9301A9F2A00F98728 /* Project object */;
}
